// !$*UTF8*$!
{
	archiveVersion = 1;
	classes = {
	};
	objectVersion = 56;
	objects = {

/* Begin PBXBuildFile section */
		173755F82B5C4FEE001EDD18 /* nwhacks_2024App.swift in Sources */ = {isa = PBXBuildFile; fileRef = 173755F72B5C4FEE001EDD18 /* nwhacks_2024App.swift */; };
		173755FA2B5C4FEE001EDD18 /* ContentView.swift in Sources */ = {isa = PBXBuildFile; fileRef = 173755F92B5C4FEE001EDD18 /* ContentView.swift */; };
		173755FE2B5C4FF0001EDD18 /* Assets.xcassets in Resources */ = {isa = PBXBuildFile; fileRef = 173755FD2B5C4FF0001EDD18 /* Assets.xcassets */; };
		173756012B5C4FF0001EDD18 /* Preview Assets.xcassets in Resources */ = {isa = PBXBuildFile; fileRef = 173756002B5C4FF0001EDD18 /* Preview Assets.xcassets */; };
		173756082B5C5DF6001EDD18 /* PetView.swift in Sources */ = {isa = PBXBuildFile; fileRef = 173756072B5C5DF6001EDD18 /* PetView.swift */; };
		1737560A2B5C5E19001EDD18 /* TaskView.swift in Sources */ = {isa = PBXBuildFile; fileRef = 173756092B5C5E19001EDD18 /* TaskView.swift */; };
		173756102B5C6098001EDD18 /* MainsButton.swift in Sources */ = {isa = PBXBuildFile; fileRef = 1737560F2B5C6098001EDD18 /* MainsButton.swift */; };
		173756122B5C68EE001EDD18 /* MainsView.swift in Sources */ = {isa = PBXBuildFile; fileRef = 173756112B5C68EE001EDD18 /* MainsView.swift */; };
		173756142B5C84E9001EDD18 /* FeedButton.swift in Sources */ = {isa = PBXBuildFile; fileRef = 173756132B5C84E9001EDD18 /* FeedButton.swift */; };
		173756162B5C8D56001EDD18 /* FeedButtonStyle.swift in Sources */ = {isa = PBXBuildFile; fileRef = 173756152B5C8D56001EDD18 /* FeedButtonStyle.swift */; };
		1737561A2B5C94F7001EDD18 /* AppsButton.swift in Sources */ = {isa = PBXBuildFile; fileRef = 173756192B5C94F7001EDD18 /* AppsButton.swift */; };
		1737561C2B5C9518001EDD18 /* AppsView.swift in Sources */ = {isa = PBXBuildFile; fileRef = 1737561B2B5C9518001EDD18 /* AppsView.swift */; };
		1737561F2B5C95DC001EDD18 /* SidesView.swift in Sources */ = {isa = PBXBuildFile; fileRef = 1737561E2B5C95DC001EDD18 /* SidesView.swift */; };
		173756212B5C9629001EDD18 /* DessertsView.swift in Sources */ = {isa = PBXBuildFile; fileRef = 173756202B5C9629001EDD18 /* DessertsView.swift */; };
		173756232B5C965A001EDD18 /* SpecialsView.swift in Sources */ = {isa = PBXBuildFile; fileRef = 173756222B5C965A001EDD18 /* SpecialsView.swift */; };
		173756252B5C968E001EDD18 /* SidesButton.swift in Sources */ = {isa = PBXBuildFile; fileRef = 173756242B5C968E001EDD18 /* SidesButton.swift */; };
		173756272B5C96B5001EDD18 /* DessertsButton.swift in Sources */ = {isa = PBXBuildFile; fileRef = 173756262B5C96B5001EDD18 /* DessertsButton.swift */; };
		173756292B5C96D7001EDD18 /* SpecialsButton.swift in Sources */ = {isa = PBXBuildFile; fileRef = 173756282B5C96D7001EDD18 /* SpecialsButton.swift */; };
		1737562B2B5C96FE001EDD18 /* SettingsButton.swift in Sources */ = {isa = PBXBuildFile; fileRef = 1737562A2B5C96FE001EDD18 /* SettingsButton.swift */; };
		1737562D2B5C9722001EDD18 /* SettingsView.swift in Sources */ = {isa = PBXBuildFile; fileRef = 1737562C2B5C9722001EDD18 /* SettingsView.swift */; };
		173756302B5CB37C001EDD18 /* MainItem.swift in Sources */ = {isa = PBXBuildFile; fileRef = 1737562F2B5CB37C001EDD18 /* MainItem.swift */; };
		173756322B5CB53A001EDD18 /* AppItem.swift in Sources */ = {isa = PBXBuildFile; fileRef = 173756312B5CB53A001EDD18 /* AppItem.swift */; };
		173756342B5CB5C9001EDD18 /* SideItem.swift in Sources */ = {isa = PBXBuildFile; fileRef = 173756332B5CB5C9001EDD18 /* SideItem.swift */; };
		173756362B5CB604001EDD18 /* DessertItem.swift in Sources */ = {isa = PBXBuildFile; fileRef = 173756352B5CB604001EDD18 /* DessertItem.swift */; };
		173756382B5CB638001EDD18 /* SpecialItem.swift in Sources */ = {isa = PBXBuildFile; fileRef = 173756372B5CB638001EDD18 /* SpecialItem.swift */; };
		1737563F2B5CBD4C001EDD18 /* SHPinscher-Regular.otf in Resources */ = {isa = PBXBuildFile; fileRef = 1737563E2B5CBD4C001EDD18 /* SHPinscher-Regular.otf */; };
		173756432B5CBE40001EDD18 /* TextStyles.swift in Sources */ = {isa = PBXBuildFile; fileRef = 173756422B5CBE40001EDD18 /* TextStyles.swift */; };
		173756472B5CF5EC001EDD18 /* ShowingSheetKey.swift in Sources */ = {isa = PBXBuildFile; fileRef = 173756462B5CF5EC001EDD18 /* ShowingSheetKey.swift */; };
		173756492B5CFA47001EDD18 /* WelcomeView.swift in Sources */ = {isa = PBXBuildFile; fileRef = 173756482B5CFA47001EDD18 /* WelcomeView.swift */; };
		1737564B2B5CFB7E001EDD18 /* NextButton.swift in Sources */ = {isa = PBXBuildFile; fileRef = 1737564A2B5CFB7E001EDD18 /* NextButton.swift */; };
		1737564D2B5CFC93001EDD18 /* WelcomeSubView.swift in Sources */ = {isa = PBXBuildFile; fileRef = 1737564C2B5CFC93001EDD18 /* WelcomeSubView.swift */; };
		173756512B5D7E00001EDD18 /* SaveButtonNewStyle.swift in Sources */ = {isa = PBXBuildFile; fileRef = 173756502B5D7E00001EDD18 /* SaveButtonNewStyle.swift */; };
		173756532B5D8DBB001EDD18 /* InfoButton.swift in Sources */ = {isa = PBXBuildFile; fileRef = 173756522B5D8DBB001EDD18 /* InfoButton.swift */; };
		173756552B5D8E63001EDD18 /* InfoView.swift in Sources */ = {isa = PBXBuildFile; fileRef = 173756542B5D8E63001EDD18 /* InfoView.swift */; };
		17C59A302DC2EFC100D9DBFE /* DescribableItem.swift in Sources */ = {isa = PBXBuildFile; fileRef = 17C59A2F2DC2EFBF00D9DBFE /* DescribableItem.swift */; };
		17C59A322DC2EFE000D9DBFE /* ItemButton.swift in Sources */ = {isa = PBXBuildFile; fileRef = 17C59A312DC2EFDF00D9DBFE /* ItemButton.swift */; };
		17C59A342DC2F01000D9DBFE /* ItemView.swift in Sources */ = {isa = PBXBuildFile; fileRef = 17C59A332DC2F00E00D9DBFE /* ItemView.swift */; };
		17C59A382DC2F72400D9DBFE /* User.swift in Sources */ = {isa = PBXBuildFile; fileRef = 17C59A372DC2F72300D9DBFE /* User.swift */; };
		17C59A3A2DC2F89200D9DBFE /* Pet.swift in Sources */ = {isa = PBXBuildFile; fileRef = 17C59A392DC2F89000D9DBFE /* Pet.swift */; };
		17C59A3C2DC31D0600D9DBFE /* ColorExtension.swift in Sources */ = {isa = PBXBuildFile; fileRef = 17C59A3B2DC31D0000D9DBFE /* ColorExtension.swift */; };
/* End PBXBuildFile section */

/* Begin PBXFileReference section */
		173755F42B5C4FEE001EDD18 /* nwhacks-2024.app */ = {isa = PBXFileReference; explicitFileType = wrapper.application; includeInIndex = 0; path = "nwhacks-2024.app"; sourceTree = BUILT_PRODUCTS_DIR; };
		173755F72B5C4FEE001EDD18 /* nwhacks_2024App.swift */ = {isa = PBXFileReference; lastKnownFileType = sourcecode.swift; path = nwhacks_2024App.swift; sourceTree = "<group>"; };
		173755F92B5C4FEE001EDD18 /* ContentView.swift */ = {isa = PBXFileReference; lastKnownFileType = sourcecode.swift; path = ContentView.swift; sourceTree = "<group>"; };
		173755FD2B5C4FF0001EDD18 /* Assets.xcassets */ = {isa = PBXFileReference; lastKnownFileType = folder.assetcatalog; path = Assets.xcassets; sourceTree = "<group>"; };
		173756002B5C4FF0001EDD18 /* Preview Assets.xcassets */ = {isa = PBXFileReference; lastKnownFileType = folder.assetcatalog; path = "Preview Assets.xcassets"; sourceTree = "<group>"; };
		173756072B5C5DF6001EDD18 /* PetView.swift */ = {isa = PBXFileReference; lastKnownFileType = sourcecode.swift; path = PetView.swift; sourceTree = "<group>"; };
		173756092B5C5E19001EDD18 /* TaskView.swift */ = {isa = PBXFileReference; lastKnownFileType = sourcecode.swift; path = TaskView.swift; sourceTree = "<group>"; };
		1737560F2B5C6098001EDD18 /* MainsButton.swift */ = {isa = PBXFileReference; lastKnownFileType = sourcecode.swift; path = MainsButton.swift; sourceTree = "<group>"; };
		173756112B5C68EE001EDD18 /* MainsView.swift */ = {isa = PBXFileReference; lastKnownFileType = sourcecode.swift; path = MainsView.swift; sourceTree = "<group>"; };
		173756132B5C84E9001EDD18 /* FeedButton.swift */ = {isa = PBXFileReference; lastKnownFileType = sourcecode.swift; path = FeedButton.swift; sourceTree = "<group>"; };
		173756152B5C8D56001EDD18 /* FeedButtonStyle.swift */ = {isa = PBXFileReference; lastKnownFileType = sourcecode.swift; path = FeedButtonStyle.swift; sourceTree = "<group>"; };
		173756192B5C94F7001EDD18 /* AppsButton.swift */ = {isa = PBXFileReference; lastKnownFileType = sourcecode.swift; path = AppsButton.swift; sourceTree = "<group>"; };
		1737561B2B5C9518001EDD18 /* AppsView.swift */ = {isa = PBXFileReference; lastKnownFileType = sourcecode.swift; path = AppsView.swift; sourceTree = "<group>"; };
		1737561E2B5C95DC001EDD18 /* SidesView.swift */ = {isa = PBXFileReference; lastKnownFileType = sourcecode.swift; path = SidesView.swift; sourceTree = "<group>"; };
		173756202B5C9629001EDD18 /* DessertsView.swift */ = {isa = PBXFileReference; lastKnownFileType = sourcecode.swift; path = DessertsView.swift; sourceTree = "<group>"; };
		173756222B5C965A001EDD18 /* SpecialsView.swift */ = {isa = PBXFileReference; lastKnownFileType = sourcecode.swift; path = SpecialsView.swift; sourceTree = "<group>"; };
		173756242B5C968E001EDD18 /* SidesButton.swift */ = {isa = PBXFileReference; lastKnownFileType = sourcecode.swift; path = SidesButton.swift; sourceTree = "<group>"; };
		173756262B5C96B5001EDD18 /* DessertsButton.swift */ = {isa = PBXFileReference; lastKnownFileType = sourcecode.swift; path = DessertsButton.swift; sourceTree = "<group>"; };
		173756282B5C96D7001EDD18 /* SpecialsButton.swift */ = {isa = PBXFileReference; lastKnownFileType = sourcecode.swift; path = SpecialsButton.swift; sourceTree = "<group>"; };
		1737562A2B5C96FE001EDD18 /* SettingsButton.swift */ = {isa = PBXFileReference; lastKnownFileType = sourcecode.swift; path = SettingsButton.swift; sourceTree = "<group>"; };
		1737562C2B5C9722001EDD18 /* SettingsView.swift */ = {isa = PBXFileReference; lastKnownFileType = sourcecode.swift; path = SettingsView.swift; sourceTree = "<group>"; };
		1737562F2B5CB37C001EDD18 /* MainItem.swift */ = {isa = PBXFileReference; lastKnownFileType = sourcecode.swift; path = MainItem.swift; sourceTree = "<group>"; };
		173756312B5CB53A001EDD18 /* AppItem.swift */ = {isa = PBXFileReference; lastKnownFileType = sourcecode.swift; path = AppItem.swift; sourceTree = "<group>"; };
		173756332B5CB5C9001EDD18 /* SideItem.swift */ = {isa = PBXFileReference; lastKnownFileType = sourcecode.swift; path = SideItem.swift; sourceTree = "<group>"; };
		173756352B5CB604001EDD18 /* DessertItem.swift */ = {isa = PBXFileReference; lastKnownFileType = sourcecode.swift; path = DessertItem.swift; sourceTree = "<group>"; };
		173756372B5CB638001EDD18 /* SpecialItem.swift */ = {isa = PBXFileReference; lastKnownFileType = sourcecode.swift; path = SpecialItem.swift; sourceTree = "<group>"; };
		1737563E2B5CBD4C001EDD18 /* SHPinscher-Regular.otf */ = {isa = PBXFileReference; lastKnownFileType = file; path = "SHPinscher-Regular.otf"; sourceTree = "<group>"; };
		173756402B5CBD84001EDD18 /* Info.plist */ = {isa = PBXFileReference; lastKnownFileType = text.plist; path = Info.plist; sourceTree = "<group>"; };
		173756422B5CBE40001EDD18 /* TextStyles.swift */ = {isa = PBXFileReference; lastKnownFileType = sourcecode.swift; path = TextStyles.swift; sourceTree = "<group>"; };
		173756462B5CF5EC001EDD18 /* ShowingSheetKey.swift */ = {isa = PBXFileReference; lastKnownFileType = sourcecode.swift; path = ShowingSheetKey.swift; sourceTree = "<group>"; };
		173756482B5CFA47001EDD18 /* WelcomeView.swift */ = {isa = PBXFileReference; lastKnownFileType = sourcecode.swift; path = WelcomeView.swift; sourceTree = "<group>"; };
		1737564A2B5CFB7E001EDD18 /* NextButton.swift */ = {isa = PBXFileReference; lastKnownFileType = sourcecode.swift; path = NextButton.swift; sourceTree = "<group>"; };
		1737564C2B5CFC93001EDD18 /* WelcomeSubView.swift */ = {isa = PBXFileReference; lastKnownFileType = sourcecode.swift; path = WelcomeSubView.swift; sourceTree = "<group>"; };
		173756502B5D7E00001EDD18 /* SaveButtonNewStyle.swift */ = {isa = PBXFileReference; lastKnownFileType = sourcecode.swift; path = SaveButtonNewStyle.swift; sourceTree = "<group>"; };
		173756522B5D8DBB001EDD18 /* InfoButton.swift */ = {isa = PBXFileReference; lastKnownFileType = sourcecode.swift; path = InfoButton.swift; sourceTree = "<group>"; };
		173756542B5D8E63001EDD18 /* InfoView.swift */ = {isa = PBXFileReference; lastKnownFileType = sourcecode.swift; path = InfoView.swift; sourceTree = "<group>"; };
		17C59A2F2DC2EFBF00D9DBFE /* DescribableItem.swift */ = {isa = PBXFileReference; lastKnownFileType = sourcecode.swift; path = DescribableItem.swift; sourceTree = "<group>"; };
		17C59A312DC2EFDF00D9DBFE /* ItemButton.swift */ = {isa = PBXFileReference; lastKnownFileType = sourcecode.swift; path = ItemButton.swift; sourceTree = "<group>"; };
		17C59A332DC2F00E00D9DBFE /* ItemView.swift */ = {isa = PBXFileReference; lastKnownFileType = sourcecode.swift; path = ItemView.swift; sourceTree = "<group>"; };
		17C59A372DC2F72300D9DBFE /* User.swift */ = {isa = PBXFileReference; lastKnownFileType = sourcecode.swift; path = User.swift; sourceTree = "<group>"; };
		17C59A392DC2F89000D9DBFE /* Pet.swift */ = {isa = PBXFileReference; lastKnownFileType = sourcecode.swift; path = Pet.swift; sourceTree = "<group>"; };
		17C59A3B2DC31D0000D9DBFE /* ColorExtension.swift */ = {isa = PBXFileReference; lastKnownFileType = sourcecode.swift; path = ColorExtension.swift; sourceTree = "<group>"; };
/* End PBXFileReference section */

/* Begin PBXFrameworksBuildPhase section */
		173755F12B5C4FEE001EDD18 /* Frameworks */ = {
			isa = PBXFrameworksBuildPhase;
			buildActionMask = 2147483647;
			files = (
			);
			runOnlyForDeploymentPostprocessing = 0;
		};
/* End PBXFrameworksBuildPhase section */

/* Begin PBXGroup section */
		173755EB2B5C4FEE001EDD18 = {
			isa = PBXGroup;
			children = (
				173755F62B5C4FEE001EDD18 /* nwhacks-2024 */,
				173755F52B5C4FEE001EDD18 /* Products */,
			);
			sourceTree = "<group>";
		};
		173755F52B5C4FEE001EDD18 /* Products */ = {
			isa = PBXGroup;
			children = (
				173755F42B5C4FEE001EDD18 /* nwhacks-2024.app */,
			);
			name = Products;
			sourceTree = "<group>";
		};
		173755F62B5C4FEE001EDD18 /* nwhacks-2024 */ = {
			isa = PBXGroup;
			children = (
				17C59A2E2DC2EFB500D9DBFE /* Protocols */,
				173756412B5CBE2A001EDD18 /* Extensions */,
				173756402B5CBD84001EDD18 /* Info.plist */,
				173756392B5CBB26001EDD18 /* fonts */,
				1737562E2B5CB36C001EDD18 /* Models */,
				173756182B5C94D8001EDD18 /* Views */,
				173756172B5C94BC001EDD18 /* Buttons */,
				173755F72B5C4FEE001EDD18 /* nwhacks_2024App.swift */,
				173755F92B5C4FEE001EDD18 /* ContentView.swift */,
				173755FD2B5C4FF0001EDD18 /* Assets.xcassets */,
				173755FF2B5C4FF0001EDD18 /* Preview Content */,
			);
			path = "nwhacks-2024";
			sourceTree = "<group>";
		};
		173755FF2B5C4FF0001EDD18 /* Preview Content */ = {
			isa = PBXGroup;
			children = (
				173756002B5C4FF0001EDD18 /* Preview Assets.xcassets */,
			);
			path = "Preview Content";
			sourceTree = "<group>";
		};
		173756172B5C94BC001EDD18 /* Buttons */ = {
			isa = PBXGroup;
			children = (
				17C59A312DC2EFDF00D9DBFE /* ItemButton.swift */,
				1737560F2B5C6098001EDD18 /* MainsButton.swift */,
				173756242B5C968E001EDD18 /* SidesButton.swift */,
				173756152B5C8D56001EDD18 /* FeedButtonStyle.swift */,
				173756132B5C84E9001EDD18 /* FeedButton.swift */,
				173756192B5C94F7001EDD18 /* AppsButton.swift */,
				173756262B5C96B5001EDD18 /* DessertsButton.swift */,
				173756282B5C96D7001EDD18 /* SpecialsButton.swift */,
				1737562A2B5C96FE001EDD18 /* SettingsButton.swift */,
				1737564A2B5CFB7E001EDD18 /* NextButton.swift */,
				173756502B5D7E00001EDD18 /* SaveButtonNewStyle.swift */,
				173756522B5D8DBB001EDD18 /* InfoButton.swift */,
			);
			path = Buttons;
			sourceTree = "<group>";
		};
		173756182B5C94D8001EDD18 /* Views */ = {
			isa = PBXGroup;
			children = (
				17C59A332DC2F00E00D9DBFE /* ItemView.swift */,
				173756072B5C5DF6001EDD18 /* PetView.swift */,
				173756092B5C5E19001EDD18 /* TaskView.swift */,
				173756112B5C68EE001EDD18 /* MainsView.swift */,
				1737561B2B5C9518001EDD18 /* AppsView.swift */,
				1737561E2B5C95DC001EDD18 /* SidesView.swift */,
				173756202B5C9629001EDD18 /* DessertsView.swift */,
				173756222B5C965A001EDD18 /* SpecialsView.swift */,
				1737562C2B5C9722001EDD18 /* SettingsView.swift */,
				173756482B5CFA47001EDD18 /* WelcomeView.swift */,
				1737564C2B5CFC93001EDD18 /* WelcomeSubView.swift */,
				173756542B5D8E63001EDD18 /* InfoView.swift */,
			);
			path = Views;
			sourceTree = "<group>";
		};
		1737562E2B5CB36C001EDD18 /* Models */ = {
			isa = PBXGroup;
			children = (
				17C59A392DC2F89000D9DBFE /* Pet.swift */,
				17C59A372DC2F72300D9DBFE /* User.swift */,
				1737562F2B5CB37C001EDD18 /* MainItem.swift */,
				173756312B5CB53A001EDD18 /* AppItem.swift */,
				173756332B5CB5C9001EDD18 /* SideItem.swift */,
				173756352B5CB604001EDD18 /* DessertItem.swift */,
				173756372B5CB638001EDD18 /* SpecialItem.swift */,
			);
			path = Models;
			sourceTree = "<group>";
		};
		173756392B5CBB26001EDD18 /* fonts */ = {
			isa = PBXGroup;
			children = (
				1737563E2B5CBD4C001EDD18 /* SHPinscher-Regular.otf */,
			);
			path = fonts;
			sourceTree = "<group>";
		};
		173756412B5CBE2A001EDD18 /* Extensions */ = {
			isa = PBXGroup;
			children = (
				17C59A3B2DC31D0000D9DBFE /* ColorExtension.swift */,
				173756422B5CBE40001EDD18 /* TextStyles.swift */,
				173756462B5CF5EC001EDD18 /* ShowingSheetKey.swift */,
			);
			path = Extensions;
			sourceTree = "<group>";
		};
		17C59A2E2DC2EFB500D9DBFE /* Protocols */ = {
			isa = PBXGroup;
			children = (
				17C59A2F2DC2EFBF00D9DBFE /* DescribableItem.swift */,
			);
			path = Protocols;
			sourceTree = "<group>";
		};
/* End PBXGroup section */

/* Begin PBXNativeTarget section */
		173755F32B5C4FEE001EDD18 /* nwhacks-2024 */ = {
			isa = PBXNativeTarget;
			buildConfigurationList = 173756042B5C4FF0001EDD18 /* Build configuration list for PBXNativeTarget "nwhacks-2024" */;
			buildPhases = (
				173755F02B5C4FEE001EDD18 /* Sources */,
				173755F12B5C4FEE001EDD18 /* Frameworks */,
				173755F22B5C4FEE001EDD18 /* Resources */,
			);
			buildRules = (
			);
			dependencies = (
			);
			name = "nwhacks-2024";
			productName = "nwhacks-2024";
			productReference = 173755F42B5C4FEE001EDD18 /* nwhacks-2024.app */;
			productType = "com.apple.product-type.application";
		};
/* End PBXNativeTarget section */

/* Begin PBXProject section */
		173755EC2B5C4FEE001EDD18 /* Project object */ = {
			isa = PBXProject;
			attributes = {
				BuildIndependentTargetsInParallel = 1;
				LastSwiftUpdateCheck = 1520;
				LastUpgradeCheck = 1520;
				TargetAttributes = {
					173755F32B5C4FEE001EDD18 = {
						CreatedOnToolsVersion = 15.2;
					};
				};
			};
			buildConfigurationList = 173755EF2B5C4FEE001EDD18 /* Build configuration list for PBXProject "nwhacks-2024" */;
			compatibilityVersion = "Xcode 14.0";
			developmentRegion = en;
			hasScannedForEncodings = 0;
			knownRegions = (
				en,
				Base,
			);
			mainGroup = 173755EB2B5C4FEE001EDD18;
			productRefGroup = 173755F52B5C4FEE001EDD18 /* Products */;
			projectDirPath = "";
			projectRoot = "";
			targets = (
				173755F32B5C4FEE001EDD18 /* nwhacks-2024 */,
			);
		};
/* End PBXProject section */

/* Begin PBXResourcesBuildPhase section */
		173755F22B5C4FEE001EDD18 /* Resources */ = {
			isa = PBXResourcesBuildPhase;
			buildActionMask = 2147483647;
			files = (
				173756012B5C4FF0001EDD18 /* Preview Assets.xcassets in Resources */,
				1737563F2B5CBD4C001EDD18 /* SHPinscher-Regular.otf in Resources */,
				173755FE2B5C4FF0001EDD18 /* Assets.xcassets in Resources */,
			);
			runOnlyForDeploymentPostprocessing = 0;
		};
/* End PBXResourcesBuildPhase section */

/* Begin PBXSourcesBuildPhase section */
		173755F02B5C4FEE001EDD18 /* Sources */ = {
			isa = PBXSourcesBuildPhase;
			buildActionMask = 2147483647;
			files = (
				17C59A3C2DC31D0600D9DBFE /* ColorExtension.swift in Sources */,
				173756102B5C6098001EDD18 /* MainsButton.swift in Sources */,
				1737561A2B5C94F7001EDD18 /* AppsButton.swift in Sources */,
				173756432B5CBE40001EDD18 /* TextStyles.swift in Sources */,
				173756162B5C8D56001EDD18 /* FeedButtonStyle.swift in Sources */,
				173756342B5CB5C9001EDD18 /* SideItem.swift in Sources */,
				173756122B5C68EE001EDD18 /* MainsView.swift in Sources */,
				17C59A322DC2EFE000D9DBFE /* ItemButton.swift in Sources */,
				173756302B5CB37C001EDD18 /* MainItem.swift in Sources */,
				173756492B5CFA47001EDD18 /* WelcomeView.swift in Sources */,
				173756362B5CB604001EDD18 /* DessertItem.swift in Sources */,
				1737561C2B5C9518001EDD18 /* AppsView.swift in Sources */,
				173756082B5C5DF6001EDD18 /* PetView.swift in Sources */,
				173756252B5C968E001EDD18 /* SidesButton.swift in Sources */,
				17C59A382DC2F72400D9DBFE /* User.swift in Sources */,
				173756322B5CB53A001EDD18 /* AppItem.swift in Sources */,
				173756142B5C84E9001EDD18 /* FeedButton.swift in Sources */,
				173756382B5CB638001EDD18 /* SpecialItem.swift in Sources */,
				173756272B5C96B5001EDD18 /* DessertsButton.swift in Sources */,
				173756552B5D8E63001EDD18 /* InfoView.swift in Sources */,
				17C59A342DC2F01000D9DBFE /* ItemView.swift in Sources */,
				1737564D2B5CFC93001EDD18 /* WelcomeSubView.swift in Sources */,
				173755FA2B5C4FEE001EDD18 /* ContentView.swift in Sources */,
				1737562B2B5C96FE001EDD18 /* SettingsButton.swift in Sources */,
				17C59A3A2DC2F89200D9DBFE /* Pet.swift in Sources */,
				173756212B5C9629001EDD18 /* DessertsView.swift in Sources */,
				173756472B5CF5EC001EDD18 /* ShowingSheetKey.swift in Sources */,
				173756292B5C96D7001EDD18 /* SpecialsButton.swift in Sources */,
				173756532B5D8DBB001EDD18 /* InfoButton.swift in Sources */,
				173756232B5C965A001EDD18 /* SpecialsView.swift in Sources */,
				1737560A2B5C5E19001EDD18 /* TaskView.swift in Sources */,
				1737561F2B5C95DC001EDD18 /* SidesView.swift in Sources */,
				173755F82B5C4FEE001EDD18 /* nwhacks_2024App.swift in Sources */,
				173756512B5D7E00001EDD18 /* SaveButtonNewStyle.swift in Sources */,
				17C59A302DC2EFC100D9DBFE /* DescribableItem.swift in Sources */,
				1737564B2B5CFB7E001EDD18 /* NextButton.swift in Sources */,
				1737562D2B5C9722001EDD18 /* SettingsView.swift in Sources */,
			);
			runOnlyForDeploymentPostprocessing = 0;
		};
/* End PBXSourcesBuildPhase section */

/* Begin XCBuildConfiguration section */
		173756022B5C4FF0001EDD18 /* Debug */ = {
			isa = XCBuildConfiguration;
			buildSettings = {
				ALWAYS_SEARCH_USER_PATHS = NO;
				ASSETCATALOG_COMPILER_GENERATE_SWIFT_ASSET_SYMBOL_EXTENSIONS = YES;
				CLANG_ANALYZER_NONNULL = YES;
				CLANG_ANALYZER_NUMBER_OBJECT_CONVERSION = YES_AGGRESSIVE;
				CLANG_CXX_LANGUAGE_STANDARD = "gnu++20";
				CLANG_ENABLE_MODULES = YES;
				CLANG_ENABLE_OBJC_ARC = YES;
				CLANG_ENABLE_OBJC_WEAK = YES;
				CLANG_WARN_BLOCK_CAPTURE_AUTORELEASING = YES;
				CLANG_WARN_BOOL_CONVERSION = YES;
				CLANG_WARN_COMMA = YES;
				CLANG_WARN_CONSTANT_CONVERSION = YES;
				CLANG_WARN_DEPRECATED_OBJC_IMPLEMENTATIONS = YES;
				CLANG_WARN_DIRECT_OBJC_ISA_USAGE = YES_ERROR;
				CLANG_WARN_DOCUMENTATION_COMMENTS = YES;
				CLANG_WARN_EMPTY_BODY = YES;
				CLANG_WARN_ENUM_CONVERSION = YES;
				CLANG_WARN_INFINITE_RECURSION = YES;
				CLANG_WARN_INT_CONVERSION = YES;
				CLANG_WARN_NON_LITERAL_NULL_CONVERSION = YES;
				CLANG_WARN_OBJC_IMPLICIT_RETAIN_SELF = YES;
				CLANG_WARN_OBJC_LITERAL_CONVERSION = YES;
				CLANG_WARN_OBJC_ROOT_CLASS = YES_ERROR;
				CLANG_WARN_QUOTED_INCLUDE_IN_FRAMEWORK_HEADER = YES;
				CLANG_WARN_RANGE_LOOP_ANALYSIS = YES;
				CLANG_WARN_STRICT_PROTOTYPES = YES;
				CLANG_WARN_SUSPICIOUS_MOVE = YES;
				CLANG_WARN_UNGUARDED_AVAILABILITY = YES_AGGRESSIVE;
				CLANG_WARN_UNREACHABLE_CODE = YES;
				CLANG_WARN__DUPLICATE_METHOD_MATCH = YES;
				COPY_PHASE_STRIP = NO;
				DEBUG_INFORMATION_FORMAT = dwarf;
				ENABLE_STRICT_OBJC_MSGSEND = YES;
				ENABLE_TESTABILITY = YES;
				ENABLE_USER_SCRIPT_SANDBOXING = YES;
				GCC_C_LANGUAGE_STANDARD = gnu17;
				GCC_DYNAMIC_NO_PIC = NO;
				GCC_NO_COMMON_BLOCKS = YES;
				GCC_OPTIMIZATION_LEVEL = 0;
				GCC_PREPROCESSOR_DEFINITIONS = (
					"DEBUG=1",
					"$(inherited)",
				);
				GCC_WARN_64_TO_32_BIT_CONVERSION = YES;
				GCC_WARN_ABOUT_RETURN_TYPE = YES_ERROR;
				GCC_WARN_UNDECLARED_SELECTOR = YES;
				GCC_WARN_UNINITIALIZED_AUTOS = YES_AGGRESSIVE;
				GCC_WARN_UNUSED_FUNCTION = YES;
				GCC_WARN_UNUSED_VARIABLE = YES;
				IPHONEOS_DEPLOYMENT_TARGET = 17.2;
				LOCALIZATION_PREFERS_STRING_CATALOGS = YES;
				MTL_ENABLE_DEBUG_INFO = INCLUDE_SOURCE;
				MTL_FAST_MATH = YES;
				ONLY_ACTIVE_ARCH = YES;
				SDKROOT = iphoneos;
				SWIFT_ACTIVE_COMPILATION_CONDITIONS = "DEBUG $(inherited)";
				SWIFT_OPTIMIZATION_LEVEL = "-Onone";
			};
			name = Debug;
		};
		173756032B5C4FF0001EDD18 /* Release */ = {
			isa = XCBuildConfiguration;
			buildSettings = {
				ALWAYS_SEARCH_USER_PATHS = NO;
				ASSETCATALOG_COMPILER_GENERATE_SWIFT_ASSET_SYMBOL_EXTENSIONS = YES;
				CLANG_ANALYZER_NONNULL = YES;
				CLANG_ANALYZER_NUMBER_OBJECT_CONVERSION = YES_AGGRESSIVE;
				CLANG_CXX_LANGUAGE_STANDARD = "gnu++20";
				CLANG_ENABLE_MODULES = YES;
				CLANG_ENABLE_OBJC_ARC = YES;
				CLANG_ENABLE_OBJC_WEAK = YES;
				CLANG_WARN_BLOCK_CAPTURE_AUTORELEASING = YES;
				CLANG_WARN_BOOL_CONVERSION = YES;
				CLANG_WARN_COMMA = YES;
				CLANG_WARN_CONSTANT_CONVERSION = YES;
				CLANG_WARN_DEPRECATED_OBJC_IMPLEMENTATIONS = YES;
				CLANG_WARN_DIRECT_OBJC_ISA_USAGE = YES_ERROR;
				CLANG_WARN_DOCUMENTATION_COMMENTS = YES;
				CLANG_WARN_EMPTY_BODY = YES;
				CLANG_WARN_ENUM_CONVERSION = YES;
				CLANG_WARN_INFINITE_RECURSION = YES;
				CLANG_WARN_INT_CONVERSION = YES;
				CLANG_WARN_NON_LITERAL_NULL_CONVERSION = YES;
				CLANG_WARN_OBJC_IMPLICIT_RETAIN_SELF = YES;
				CLANG_WARN_OBJC_LITERAL_CONVERSION = YES;
				CLANG_WARN_OBJC_ROOT_CLASS = YES_ERROR;
				CLANG_WARN_QUOTED_INCLUDE_IN_FRAMEWORK_HEADER = YES;
				CLANG_WARN_RANGE_LOOP_ANALYSIS = YES;
				CLANG_WARN_STRICT_PROTOTYPES = YES;
				CLANG_WARN_SUSPICIOUS_MOVE = YES;
				CLANG_WARN_UNGUARDED_AVAILABILITY = YES_AGGRESSIVE;
				CLANG_WARN_UNREACHABLE_CODE = YES;
				CLANG_WARN__DUPLICATE_METHOD_MATCH = YES;
				COPY_PHASE_STRIP = NO;
				DEBUG_INFORMATION_FORMAT = "dwarf-with-dsym";
				ENABLE_NS_ASSERTIONS = NO;
				ENABLE_STRICT_OBJC_MSGSEND = YES;
				ENABLE_USER_SCRIPT_SANDBOXING = YES;
				GCC_C_LANGUAGE_STANDARD = gnu17;
				GCC_NO_COMMON_BLOCKS = YES;
				GCC_WARN_64_TO_32_BIT_CONVERSION = YES;
				GCC_WARN_ABOUT_RETURN_TYPE = YES_ERROR;
				GCC_WARN_UNDECLARED_SELECTOR = YES;
				GCC_WARN_UNINITIALIZED_AUTOS = YES_AGGRESSIVE;
				GCC_WARN_UNUSED_FUNCTION = YES;
				GCC_WARN_UNUSED_VARIABLE = YES;
				IPHONEOS_DEPLOYMENT_TARGET = 17.2;
				LOCALIZATION_PREFERS_STRING_CATALOGS = YES;
				MTL_ENABLE_DEBUG_INFO = NO;
				MTL_FAST_MATH = YES;
				SDKROOT = iphoneos;
				SWIFT_COMPILATION_MODE = wholemodule;
				VALIDATE_PRODUCT = YES;
			};
			name = Release;
		};
		173756052B5C4FF0001EDD18 /* Debug */ = {
			isa = XCBuildConfiguration;
			buildSettings = {
				ASSETCATALOG_COMPILER_APPICON_NAME = AppIcon;
				ASSETCATALOG_COMPILER_GLOBAL_ACCENT_COLOR_NAME = AccentColor;
				CODE_SIGN_STYLE = Automatic;
				CURRENT_PROJECT_VERSION = 1;
				DEVELOPMENT_ASSET_PATHS = "\"nwhacks-2024/Preview Content\"";
				DEVELOPMENT_TEAM = 8V32V337Z6;
				ENABLE_PREVIEWS = YES;
				GENERATE_INFOPLIST_FILE = YES;
				INFOPLIST_FILE = "nwhacks-2024/Info.plist";
				INFOPLIST_KEY_UIApplicationSceneManifest_Generation = YES;
				INFOPLIST_KEY_UIApplicationSupportsIndirectInputEvents = YES;
				INFOPLIST_KEY_UILaunchScreen_Generation = YES;
				INFOPLIST_KEY_UISupportedInterfaceOrientations_iPad = "UIInterfaceOrientationPortrait UIInterfaceOrientationPortraitUpsideDown UIInterfaceOrientationLandscapeLeft UIInterfaceOrientationLandscapeRight";
				INFOPLIST_KEY_UISupportedInterfaceOrientations_iPhone = "UIInterfaceOrientationPortrait UIInterfaceOrientationLandscapeLeft UIInterfaceOrientationLandscapeRight";
				LD_RUNPATH_SEARCH_PATHS = (
					"$(inherited)",
					"@executable_path/Frameworks",
				);
				MARKETING_VERSION = 1.0;
				PRODUCT_BUNDLE_IDENTIFIER = "com.cindycui.nwhacks-2024";
				PRODUCT_NAME = "$(TARGET_NAME)";
				SWIFT_EMIT_LOC_STRINGS = YES;
				SWIFT_VERSION = 5.0;
				TARGETED_DEVICE_FAMILY = "1,2";
			};
			name = Debug;
		};
		173756062B5C4FF0001EDD18 /* Release */ = {
			isa = XCBuildConfiguration;
			buildSettings = {
				ASSETCATALOG_COMPILER_APPICON_NAME = AppIcon;
				ASSETCATALOG_COMPILER_GLOBAL_ACCENT_COLOR_NAME = AccentColor;
				CODE_SIGN_STYLE = Automatic;
				CURRENT_PROJECT_VERSION = 1;
				DEVELOPMENT_ASSET_PATHS = "\"nwhacks-2024/Preview Content\"";
				DEVELOPMENT_TEAM = 8V32V337Z6;
				ENABLE_PREVIEWS = YES;
				GENERATE_INFOPLIST_FILE = YES;
				INFOPLIST_FILE = "nwhacks-2024/Info.plist";
				INFOPLIST_KEY_UIApplicationSceneManifest_Generation = YES;
				INFOPLIST_KEY_UIApplicationSupportsIndirectInputEvents = YES;
				INFOPLIST_KEY_UILaunchScreen_Generation = YES;
				INFOPLIST_KEY_UISupportedInterfaceOrientations_iPad = "UIInterfaceOrientationPortrait UIInterfaceOrientationPortraitUpsideDown UIInterfaceOrientationLandscapeLeft UIInterfaceOrientationLandscapeRight";
				INFOPLIST_KEY_UISupportedInterfaceOrientations_iPhone = "UIInterfaceOrientationPortrait UIInterfaceOrientationLandscapeLeft UIInterfaceOrientationLandscapeRight";
				LD_RUNPATH_SEARCH_PATHS = (
					"$(inherited)",
					"@executable_path/Frameworks",
				);
				MARKETING_VERSION = 1.0;
				PRODUCT_BUNDLE_IDENTIFIER = "com.cindycui.nwhacks-2024";
				PRODUCT_NAME = "$(TARGET_NAME)";
				SWIFT_EMIT_LOC_STRINGS = YES;
				SWIFT_VERSION = 5.0;
				TARGETED_DEVICE_FAMILY = "1,2";
			};
			name = Release;
		};
/* End XCBuildConfiguration section */

/* Begin XCConfigurationList section */
		173755EF2B5C4FEE001EDD18 /* Build configuration list for PBXProject "nwhacks-2024" */ = {
			isa = XCConfigurationList;
			buildConfigurations = (
				173756022B5C4FF0001EDD18 /* Debug */,
				173756032B5C4FF0001EDD18 /* Release */,
			);
			defaultConfigurationIsVisible = 0;
			defaultConfigurationName = Release;
		};
		173756042B5C4FF0001EDD18 /* Build configuration list for PBXNativeTarget "nwhacks-2024" */ = {
			isa = XCConfigurationList;
			buildConfigurations = (
				173756052B5C4FF0001EDD18 /* Debug */,
				173756062B5C4FF0001EDD18 /* Release */,
			);
			defaultConfigurationIsVisible = 0;
			defaultConfigurationName = Release;
		};
/* End XCConfigurationList section */
	};
	rootObject = 173755EC2B5C4FEE001EDD18 /* Project object */;
}
